
Microsoft Visual Studio Solution File, Format Version 12.00
# Visual Studio 15
VisualStudioVersion = 15.0.28307.1800
MinimumVisualStudioVersion = 10.0.40219.1
Project("{FAE04EC0-301F-11D3-BF4B-00C04F79EFBC}") = "BlogPessoal.Web", "BlogPessoal.Web\BlogPessoal.Web.csproj", "{57AFAE75-C161-45AA-9624-D82653C889E7}"
EndProject
Project("{FAE04EC0-301F-11D3-BF4B-00C04F79EFBC}") = "BlogPessoal.Tests", "BlogPessoal.Tests\BlogPessoal.Tests.csproj", "{87B8442F-9940-4E96-ADEA-5195AF906A13}"
EndProject
Global
	GlobalSection(SolutionConfigurationPlatforms) = preSolution
		Debug|Any CPU = Debug|Any CPU
		Release|Any CPU = Release|Any CPU
	EndGlobalSection
	GlobalSection(ProjectConfigurationPlatforms) = postSolution
		{57AFAE75-C161-45AA-9624-D82653C889E7}.Debug|Any CPU.ActiveCfg = Debug|Any CPU
		{57AFAE75-C161-45AA-9624-D82653C889E7}.Debug|Any CPU.Build.0 = Debug|Any CPU
		{57AFAE75-C161-45AA-9624-D82653C889E7}.Release|Any CPU.ActiveCfg = Release|Any CPU
		{57AFAE75-C161-45AA-9624-D82653C889E7}.Release|Any CPU.Build.0 = Release|Any CPU
		{87B8442F-9940-4E96-ADEA-5195AF906A13}.Debug|Any CPU.ActiveCfg = Debug|Any CPU
		{87B8442F-9940-4E96-ADEA-5195AF906A13}.Debug|Any CPU.Build.0 = Debug|Any CPU
		{87B8442F-9940-4E96-ADEA-5195AF906A13}.Release|Any CPU.ActiveCfg = Release|Any CPU
		{87B8442F-9940-4E96-ADEA-5195AF906A13}.Release|Any CPU.Build.0 = Release|Any CPU
	EndGlobalSection
	GlobalSection(SolutionProperties) = preSolution
		HideSolutionNode = FALSE
	EndGlobalSection
	GlobalSection(ExtensibilityGlobals) = postSolution
		SolutionGuid = {A747F8CB-DA69-4853-A1DD-5093B552B07E}
	EndGlobalSection
EndGlobal
